
Microsoft Visual Studio Solution File, Format Version 12.00
# Visual Studio Version 17
VisualStudioVersion = 17.14.36202.13 d17.14
MinimumVisualStudioVersion = 10.0.40219.1
Project("{FAE04EC0-301F-11D3-BF4B-00C04F79EFBC}") = "ConsoleApp1", "ConsoleApp1.csproj", "{2303140D-D8DB-425A-BB5C-3A9875A5C8EE}"
EndProject
Global
	GlobalSection(SolutionConfigurationPlatforms) = preSolution
		Debug|Any CPU = Debug|Any CPU
		Release|Any CPU = Release|Any CPU
	EndGlobalSection
	GlobalSection(ProjectConfigurationPlatforms) = postSolution
		{2303140D-D8DB-425A-BB5C-3A9875A5C8EE}.Debug|Any CPU.ActiveCfg = Debug|Any CPU
		{2303140D-D8DB-425A-BB5C-3A9875A5C8EE}.Debug|Any CPU.Build.0 = Debug|Any CPU
		{2303140D-D8DB-425A-BB5C-3A9875A5C8EE}.Release|Any CPU.ActiveCfg = Release|Any CPU
		{2303140D-D8DB-425A-BB5C-3A9875A5C8EE}.Release|Any CPU.Build.0 = Release|Any CPU
	EndGlobalSection
	GlobalSection(SolutionProperties) = preSolution
		HideSolutionNode = FALSE
	EndGlobalSection
	GlobalSection(ExtensibilityGlobals) = postSolution
		SolutionGuid = {BF252583-D918-4950-926F-0C62A2FC4326}
	EndGlobalSection
EndGlobal
